
Microsoft Visual Studio Solution File, Format Version 12.00
# Visual Studio Version 16
VisualStudioVersion = 16.0.32630.194
MinimumVisualStudioVersion = 10.0.40219.1
Project("{FAE04EC0-301F-11D3-BF4B-00C04F79EFBC}") = "Snake_Game", "Snake_Game\Snake_Game.csproj", "{6684FE74-58A2-4E05-A19A-B81D8136D160}"
EndProject
Global
	GlobalSection(SolutionConfigurationPlatforms) = preSolution
		Debug|Any CPU = Debug|Any CPU
		Release|Any CPU = Release|Any CPU
	EndGlobalSection
	GlobalSection(ProjectConfigurationPlatforms) = postSolution
		{6684FE74-58A2-4E05-A19A-B81D8136D160}.Debug|Any CPU.ActiveCfg = Debug|Any CPU
		{6684FE74-58A2-4E05-A19A-B81D8136D160}.Debug|Any CPU.Build.0 = Debug|Any CPU
		{6684FE74-58A2-4E05-A19A-B81D8136D160}.Release|Any CPU.ActiveCfg = Release|Any CPU
		{6684FE74-58A2-4E05-A19A-B81D8136D160}.Release|Any CPU.Build.0 = Release|Any CPU
	EndGlobalSection
	GlobalSection(SolutionProperties) = preSolution
		HideSolutionNode = FALSE
	EndGlobalSection
	GlobalSection(ExtensibilityGlobals) = postSolution
		SolutionGuid = {9291B3ED-2127-494B-8B61-7A73E089114E}
	EndGlobalSection
EndGlobal
